github.com/atotto/clipboard v0.1.2 h1:YZCtFu5Ie8qX2VmVTBnrqLSiU9XOWwqNRmdT3gIQzbY=
github.com/atotto/clipboard v0.1.2/go.mod h1:ZY9tmq7sm5xIbd9bOK4onWV4S6X0u6GY7Vn0Yu86PYI=
github.com/chonla/roman-number-go v0.0.0-20181101035413-6768129de021 h1:F7ux9YUTBF8wykFrRhNJIuLyAkJhD6hs98M/lJM0ZW4=
github.com/chonla/roman-number-go v0.0.0-20181101035413-6768129de021/go.mod h1:mgLs523CF5p4A7oIy2Es5ZxuKnG3xhT3Ff0L7J/2J1c=
github.com/faiface/beep v1.0.2 h1:UB5DiRNmA4erfUYnHbgU4UB6DlBOrsdEFRtcc8sCkdQ=
github.com/faiface/beep v1.0.2/go.mod h1:1yLb5yRdHMsovYYWVqYLioXkVuziCSITW1oarTeduQM=
github.com/gdamore/encoding v1.0.0/go.mod h1:alR0ol34c49FCSBLjhosxzcPHQbf2trDkoo5dl+VrEg=
github.com/gdamore/tcell v1.1.1/go.mod h1:K1udHkiR3cOtlpKG5tZPD5XxrF7v2y7lDq7Whcj+xkQ=
github.com/gen2brain/dlgs v0.0.0-20191023125645-8832682fb7f8 h1:A1aYLIvXDeTkCPrSPGDZ9gUVRvmKQo6MRWw5IjaTKPY=
github.com/gen2brain/dlgs v0.0.0-20191023125645-8832682fb7f8/go.mod h1:/eFcjDXaU2THSOOqLxOPETIbHETnamk8FA/hMjhg/gU=
github.com/gen2brain/raylib-go v0.0.0-20191004100518-02424e2e10ea h1:z4Vrk7fURzueu7cu1n+4SlqYKXB8JnBoDG2aDuw8kFY=
github.com/gen2brain/raylib-go v0.0.0-20191004100518-02424e2e10ea/go.mod h1:LUVRDQbnxUaOgzLzW5lMS+IcbqlXHIqIA9wq8wxzmcA=
github.com/gopherjs/gopherjs v0.0.0-20180628210949-0892b62f0d9f/go.mod h1:wJfORRmW1u3UXTncJ5qlYoELFm8eSnnEO6hX4iZ3EWY=
github.com/gopherjs/gopherjs v0.0.0-20180825215210-0210a2f0f73c/go.mod h1:wJfORRmW1u3UXTncJ5qlYoELFm8eSnnEO6hX4iZ3EWY=
github.com/gopherjs/gopherwasm v0.1.1/go.mod h1:kx4n9a+MzHH0BJJhvlsQ65hqLFXDO/m256AsaDPQ+/4=
github.com/gopherjs/gopherwasm v1.0.0/go.mod h1:SkZ8z7CWBz5VXbhJel8TxCmAcsQqzgWGR/8nMhyhZSI=
github.com/hajimehoshi/go-mp3 v0.1.1 h1:Y33fAdTma70fkrxnc9u50Uq0lV6eZ+bkAlssdMmCwUc=
github.com/hajimehoshi/go-mp3 v0.1.1/go.mod h1:4i+c5pDNKDrxl1iu9iG90/+fhP37lio6gNhjCx9WBJw=
github.com/hajimehoshi/oto v0.1.1/go.mod h1:hUiLWeBQnbDu4pZsAhOnGqMI1ZGibS6e2qhQdfpwz04=
github.com/hajimehoshi/oto v0.3.1 h1:cpf/uIv4Q0oc5uf9loQn7PIehv+mZerh+0KKma6gzMk=
github.com/hajimehoshi/oto v0.3.1/go.mod h1:e9eTLBB9iZto045HLbzfHJIc+jP3xaKrjZTghvb6fdM=
github.com/hako/durafmt v0.0.0-20191009132224-3f39dc1ed9f4 h1:60gBOooTSmNtrqNaRvrDbi8VAne0REaek2agjnITKSw=
github.com/hako/durafmt v0.0.0-20191009132224-3f39dc1ed9f4/go.mod h1:5Scbynm8dF1XAPwIwkGPqzkM/shndPm79Jd1003hTjE=
github.com/jfreymuth/oggvorbis v1.0.0 h1:aOpiihGrFLXpsh2osOlEvTcg5/aluzGQeC7m3uYWOZ0=
github.com/jfreymuth/oggvorbis v1.0.0/go.mod h1:abe6F9QRjuU9l+2jek3gj46lu40N4qlYxh2grqkLEDM=
github.com/jfreymuth/vorbis v1.0.0 h1:SmDf783s82lIjGZi8EGUUaS7YxPHgRj4ZXW/h7rUi7U=
github.com/jfreymuth/vorbis v1.0.0/go.mod h1:8zy3lUAm9K/rJJk223RKy6vjCZTWC61NA2QD06bfOE0=
github.com/lucasb-eyer/go-colorful v0.0.0-20181028223441-12d3b2882a08/go.mod h1:NXg0ArsFk0Y01623LgUqoqcouGDB+PwCCQlrwrG6xJ4=
github.com/mattn/go-runewidth v0.0.4/go.mod h1:LwmH8dsx7+W8Uxz3IHJYH5QSwggIsqBzpuz5H//U1FU=
github.com/mewkiz/flac v1.0.5 h1:dHGW/2kf+/KZ2GGqSVayNEhL9pluKn/rr/h/QqD9Ogc=
github.com/mewkiz/flac v1.0.5/go.mod h1:EHZNU32dMF6alpurYyKHDLYpW1lYpBZ5WrXi/VuNIGs=
github.com/otiai10/copy v1.0.2 h1:DDNipYy6RkIkjMwy+AWzgKiNTyj2RUI9yEMeETEpVyc=
github.com/otiai10/copy v1.0.2/go.mod h1:c7RpqBkwMom4bYTSkLSym4VSJz/XtncWRAj/J4PEIMY=
github.com/otiai10/curr v0.0.0-20150429015615-9b4961190c95/go.mod h1:9qAhocn7zKJG+0mI8eUu6xqkFDYS2kb2saOteoSB3cE=
github.com/otiai10/mint v1.3.0 h1:Ady6MKVezQwHBkGzLFbrsywyp09Ah7rkmfjV3Bcr5uc=
github.com/otiai10/mint v1.3.0/go.mod h1:F5AjcsTsWUqX+Na9fpHb52P8pcRX2CI6A3ctIT91xUo=
github.com/pkg/errors v0.8.1 h1:iURUrRGxPUNPdy5/HRSm+Yj6okJ6UtLINN0Q9M4+h3I=
github.com/pkg/errors v0.8.1/go.mod h1:bwawxfHBFNV+L2hUp1rHADufV3IMtnDRdf1r5NINEl0=
golang.org/x/exp v0.0.0-20180710024300-14dda7b62fcd/go.mod h1:CJ0aWSM057203Lf6IL+f9T1iT9GByDxfZKAQTCR3kQA=
golang.org/x/image v0.0.0-20180708004352-c73c2afc3b81/go.mod h1:ux5Hcp/YLpHSI86hEcLt0YII63i6oz57MZXIpbrjZUs=
golang.org/x/mobile v0.0.0-20180806140643-507816974b79/go.mod h1:z+o9i4GpDbdi3rU15maQ/Ox0txvL9dWGYEHz965HBQE=
golang.org/x/sys v0.0.0-20181228144115-9a3f9b0469bb h1:pf3XwC90UUdNPYWZdFjhGBE7DUFuK3Ct1zWmZ65QN30=
golang.org/x/sys v0.0.0-20181228144115-9a3f9b0469bb/go.mod h1:STP8DvDyc/dI5b8T5hshtkjS+E42TnysNCUPdjciGhY=
golang.org/x/text v0.3.0/go.mod h1:NqM8EUOU14njkJ3fqMW+pc6Ldnwhi/IjpwHt7yyuwOQ=
gopkg.in/DATA-DOG/go-sqlmock.v1 v1.3.0/go.mod h1:OdE7CF6DbADk7lN8LIKRzRJTTZXIjtWgA5THM5lhBAw=
